// !$*UTF8*$!
{
	archiveVersion = 1;
	classes = {
	};
	objectVersion = 50;
	objects = {

/* Begin PBXBuildFile section */
		3343A52E253ABDF500E96241 /* AppDelegate.swift in Sources */ = {isa = PBXBuildFile; fileRef = 3343A52D253ABDF500E96241 /* AppDelegate.swift */; };
		3343A530253ABDF500E96241 /* SceneDelegate.swift in Sources */ = {isa = PBXBuildFile; fileRef = 3343A52F253ABDF500E96241 /* SceneDelegate.swift */; };
		3343A532253ABDF500E96241 /* ViewController.swift in Sources */ = {isa = PBXBuildFile; fileRef = 3343A531253ABDF500E96241 /* ViewController.swift */; };
		3343A535253ABDF500E96241 /* Main.storyboard in Resources */ = {isa = PBXBuildFile; fileRef = 3343A533253ABDF500E96241 /* Main.storyboard */; };
		3343A537253ABDF600E96241 /* Assets.xcassets in Resources */ = {isa = PBXBuildFile; fileRef = 3343A536253ABDF600E96241 /* Assets.xcassets */; };
		3343A53A253ABDF600E96241 /* LaunchScreen.storyboard in Resources */ = {isa = PBXBuildFile; fileRef = 3343A538253ABDF600E96241 /* LaunchScreen.storyboard */; };
		3343A543253ABE7200E96241 /* AutoLayoutTest.storyboard in Resources */ = {isa = PBXBuildFile; fileRef = 3343A542253ABE7100E96241 /* AutoLayoutTest.storyboard */; };
/* End PBXBuildFile section */

/* Begin PBXFileReference section */
		3343A52A253ABDF500E96241 /* 2nd_Seminar_27th.app */ = {isa = PBXFileReference; explicitFileType = wrapper.application; includeInIndex = 0; path = 2nd_Seminar_27th.app; sourceTree = BUILT_PRODUCTS_DIR; };
		3343A52D253ABDF500E96241 /* AppDelegate.swift */ = {isa = PBXFileReference; lastKnownFileType = sourcecode.swift; path = AppDelegate.swift; sourceTree = "<group>"; };
		3343A52F253ABDF500E96241 /* SceneDelegate.swift */ = {isa = PBXFileReference; lastKnownFileType = sourcecode.swift; path = SceneDelegate.swift; sourceTree = "<group>"; };
		3343A531253ABDF500E96241 /* ViewController.swift */ = {isa = PBXFileReference; lastKnownFileType = sourcecode.swift; path = ViewController.swift; sourceTree = "<group>"; };
		3343A534253ABDF500E96241 /* Base */ = {isa = PBXFileReference; lastKnownFileType = file.storyboard; name = Base; path = Base.lproj/Main.storyboard; sourceTree = "<group>"; };
		3343A536253ABDF600E96241 /* Assets.xcassets */ = {isa = PBXFileReference; lastKnownFileType = folder.assetcatalog; path = Assets.xcassets; sourceTree = "<group>"; };
		3343A539253ABDF600E96241 /* Base */ = {isa = PBXFileReference; lastKnownFileType = file.storyboard; name = Base; path = Base.lproj/LaunchScreen.storyboard; sourceTree = "<group>"; };
		3343A53B253ABDF600E96241 /* Info.plist */ = {isa = PBXFileReference; lastKnownFileType = text.plist.xml; path = Info.plist; sourceTree = "<group>"; };
		3343A542253ABE7100E96241 /* AutoLayoutTest.storyboard */ = {isa = PBXFileReference; lastKnownFileType = file.storyboard; path = AutoLayoutTest.storyboard; sourceTree = "<group>"; };
/* End PBXFileReference section */

/* Begin PBXFrameworksBuildPhase section */
		3343A527253ABDF500E96241 /* Frameworks */ = {
			isa = PBXFrameworksBuildPhase;
			buildActionMask = 2147483647;
			files = (
			);
			runOnlyForDeploymentPostprocessing = 0;
		};
/* End PBXFrameworksBuildPhase section */

/* Begin PBXGroup section */
		3343A521253ABDF500E96241 = {
			isa = PBXGroup;
			children = (
				3343A52C253ABDF500E96241 /* 2nd_Seminar_27th */,
				3343A52B253ABDF500E96241 /* Products */,
			);
			sourceTree = "<group>";
		};
		3343A52B253ABDF500E96241 /* Products */ = {
			isa = PBXGroup;
			children = (
				3343A52A253ABDF500E96241 /* 2nd_Seminar_27th.app */,
			);
			name = Products;
			sourceTree = "<group>";
		};
		3343A52C253ABDF500E96241 /* 2nd_Seminar_27th */ = {
			isa = PBXGroup;
			children = (
				3343A52D253ABDF500E96241 /* AppDelegate.swift */,
				3343A52F253ABDF500E96241 /* SceneDelegate.swift */,
				3343A531253ABDF500E96241 /* ViewController.swift */,
				3343A533253ABDF500E96241 /* Main.storyboard */,
				3343A536253ABDF600E96241 /* Assets.xcassets */,
				3343A538253ABDF600E96241 /* LaunchScreen.storyboard */,
				3343A53B253ABDF600E96241 /* Info.plist */,
				3343A542253ABE7100E96241 /* AutoLayoutTest.storyboard */,
			);
			path = 2nd_Seminar_27th;
			sourceTree = "<group>";
		};
/* End PBXGroup section */

/* Begin PBXNativeTarget section */
		3343A529253ABDF500E96241 /* 2nd_Seminar_27th */ = {
			isa = PBXNativeTarget;
			buildConfigurationList = 3343A53E253ABDF600E96241 /* Build configuration list for PBXNativeTarget "2nd_Seminar_27th" */;
			buildPhases = (
				3343A526253ABDF500E96241 /* Sources */,
				3343A527253ABDF500E96241 /* Frameworks */,
				3343A528253ABDF500E96241 /* Resources */,
			);
			buildRules = (
			);
			dependencies = (
			);
			name = 2nd_Seminar_27th;
			productName = 2nd_Seminar_27th;
			productReference = 3343A52A253ABDF500E96241 /* 2nd_Seminar_27th.app */;
			productType = "com.apple.product-type.application";
		};
/* End PBXNativeTarget section */

/* Begin PBXProject section */
		3343A522253ABDF500E96241 /* Project object */ = {
			isa = PBXProject;
			attributes = {
				LastSwiftUpdateCheck = 1200;
				LastUpgradeCheck = 1200;
				TargetAttributes = {
					3343A529253ABDF500E96241 = {
						CreatedOnToolsVersion = 12.0.1;
					};
				};
			};
			buildConfigurationList = 3343A525253ABDF500E96241 /* Build configuration list for PBXProject "2nd_Seminar_27th" */;
			compatibilityVersion = "Xcode 9.3";
			developmentRegion = en;
			hasScannedForEncodings = 0;
			knownRegions = (
				en,
				Base,
			);
			mainGroup = 3343A521253ABDF500E96241;
			productRefGroup = 3343A52B253ABDF500E96241 /* Products */;
			projectDirPath = "";
			projectRoot = "";
			targets = (
				3343A529253ABDF500E96241 /* 2nd_Seminar_27th */,
			);
		};
/* End PBXProject section */

/* Begin PBXResourcesBuildPhase section */
		3343A528253ABDF500E96241 /* Resources */ = {
			isa = PBXResourcesBuildPhase;
			buildActionMask = 2147483647;
			files = (
				3343A53A253ABDF600E96241 /* LaunchScreen.storyboard in Resources */,
				3343A537253ABDF600E96241 /* Assets.xcassets in Resources */,
				3343A535253ABDF500E96241 /* Main.storyboard in Resources */,
				3343A543253ABE7200E96241 /* AutoLayoutTest.storyboard in Resources */,
			);
			runOnlyForDeploymentPostprocessing = 0;
		};
/* End PBXResourcesBuildPhase section */

/* Begin PBXSourcesBuildPhase section */
		3343A526253ABDF500E96241 /* Sources */ = {
			isa = PBXSourcesBuildPhase;
			buildActionMask = 2147483647;
			files = (
				3343A532253ABDF500E96241 /* ViewController.swift in Sources */,
				3343A52E253ABDF500E96241 /* AppDelegate.swift in Sources */,
				3343A530253ABDF500E96241 /* SceneDelegate.swift in Sources */,
			);
			runOnlyForDeploymentPostprocessing = 0;
		};
/* End PBXSourcesBuildPhase section */

/* Begin PBXVariantGroup section */
		3343A533253ABDF500E96241 /* Main.storyboard */ = {
			isa = PBXVariantGroup;
			children = (
				3343A534253ABDF500E96241 /* Base */,
			);
			name = Main.storyboard;
			sourceTree = "<group>";
		};
		3343A538253ABDF600E96241 /* LaunchScreen.storyboard */ = {
			isa = PBXVariantGroup;
			children = (
				3343A539253ABDF600E96241 /* Base */,
			);
			name = LaunchScreen.storyboard;
			sourceTree = "<group>";
		};
/* End PBXVariantGroup section */

/* Begin XCBuildConfiguration section */
		3343A53C253ABDF600E96241 /* Debug */ = {
			isa = XCBuildConfiguration;
			buildSettings = {
				ALWAYS_SEARCH_USER_PATHS = NO;
				CLANG_ANALYZER_NONNULL = YES;
				CLANG_ANALYZER_NUMBER_OBJECT_CONVERSION = YES_AGGRESSIVE;
				CLANG_CXX_LANGUAGE_STANDARD = "gnu++14";
				CLANG_CXX_LIBRARY = "libc++";
				CLANG_ENABLE_MODULES = YES;
				CLANG_ENABLE_OBJC_ARC = YES;
				CLANG_ENABLE_OBJC_WEAK = YES;
				CLANG_WARN_BLOCK_CAPTURE_AUTORELEASING = YES;
				CLANG_WARN_BOOL_CONVERSION = YES;
				CLANG_WARN_COMMA = YES;
				CLANG_WARN_CONSTANT_CONVERSION = YES;
				CLANG_WARN_DEPRECATED_OBJC_IMPLEMENTATIONS = YES;
				CLANG_WARN_DIRECT_OBJC_ISA_USAGE = YES_ERROR;
				CLANG_WARN_DOCUMENTATION_COMMENTS = YES;
				CLANG_WARN_EMPTY_BODY = YES;
				CLANG_WARN_ENUM_CONVERSION = YES;
				CLANG_WARN_INFINITE_RECURSION = YES;
				CLANG_WARN_INT_CONVERSION = YES;
				CLANG_WARN_NON_LITERAL_NULL_CONVERSION = YES;
				CLANG_WARN_OBJC_IMPLICIT_RETAIN_SELF = YES;
				CLANG_WARN_OBJC_LITERAL_CONVERSION = YES;
				CLANG_WARN_OBJC_ROOT_CLASS = YES_ERROR;
				CLANG_WARN_QUOTED_INCLUDE_IN_FRAMEWORK_HEADER = YES;
				CLANG_WARN_RANGE_LOOP_ANALYSIS = YES;
				CLANG_WARN_STRICT_PROTOTYPES = YES;
				CLANG_WARN_SUSPICIOUS_MOVE = YES;
				CLANG_WARN_UNGUARDED_AVAILABILITY = YES_AGGRESSIVE;
				CLANG_WARN_UNREACHABLE_CODE = YES;
				CLANG_WARN__DUPLICATE_METHOD_MATCH = YES;
				COPY_PHASE_STRIP = NO;
				DEBUG_INFORMATION_FORMAT = dwarf;
				ENABLE_STRICT_OBJC_MSGSEND = YES;
				ENABLE_TESTABILITY = YES;
				GCC_C_LANGUAGE_STANDARD = gnu11;
				GCC_DYNAMIC_NO_PIC = NO;
				GCC_NO_COMMON_BLOCKS = YES;
				GCC_OPTIMIZATION_LEVEL = 0;
				GCC_PREPROCESSOR_DEFINITIONS = (
					"DEBUG=1",
					"$(inherited)",
				);
				GCC_WARN_64_TO_32_BIT_CONVERSION = YES;
				GCC_WARN_ABOUT_RETURN_TYPE = YES_ERROR;
				GCC_WARN_UNDECLARED_SELECTOR = YES;
				GCC_WARN_UNINITIALIZED_AUTOS = YES_AGGRESSIVE;
				GCC_WARN_UNUSED_FUNCTION = YES;
				GCC_WARN_UNUSED_VARIABLE = YES;
				IPHONEOS_DEPLOYMENT_TARGET = 14.0;
				MTL_ENABLE_DEBUG_INFO = INCLUDE_SOURCE;
				MTL_FAST_MATH = YES;
				ONLY_ACTIVE_ARCH = YES;
				SDKROOT = iphoneos;
				SWIFT_ACTIVE_COMPILATION_CONDITIONS = DEBUG;
				SWIFT_OPTIMIZATION_LEVEL = "-Onone";
			};
			name = Debug;
		};
		3343A53D253ABDF600E96241 /* Release */ = {
			isa = XCBuildConfiguration;
			buildSettings = {
				ALWAYS_SEARCH_USER_PATHS = NO;
				CLANG_ANALYZER_NONNULL = YES;
				CLANG_ANALYZER_NUMBER_OBJECT_CONVERSION = YES_AGGRESSIVE;
				CLANG_CXX_LANGUAGE_STANDARD = "gnu++14";
				CLANG_CXX_LIBRARY = "libc++";
				CLANG_ENABLE_MODULES = YES;
				CLANG_ENABLE_OBJC_ARC = YES;
				CLANG_ENABLE_OBJC_WEAK = YES;
				CLANG_WARN_BLOCK_CAPTURE_AUTORELEASING = YES;
				CLANG_WARN_BOOL_CONVERSION = YES;
				CLANG_WARN_COMMA = YES;
				CLANG_WARN_CONSTANT_CONVERSION = YES;
				CLANG_WARN_DEPRECATED_OBJC_IMPLEMENTATIONS = YES;
				CLANG_WARN_DIRECT_OBJC_ISA_USAGE = YES_ERROR;
				CLANG_WARN_DOCUMENTATION_COMMENTS = YES;
				CLANG_WARN_EMPTY_BODY = YES;
				CLANG_WARN_ENUM_CONVERSION = YES;
				CLANG_WARN_INFINITE_RECURSION = YES;
				CLANG_WARN_INT_CONVERSION = YES;
				CLANG_WARN_NON_LITERAL_NULL_CONVERSION = YES;
				CLANG_WARN_OBJC_IMPLICIT_RETAIN_SELF = YES;
				CLANG_WARN_OBJC_LITERAL_CONVERSION = YES;
				CLANG_WARN_OBJC_ROOT_CLASS = YES_ERROR;
				CLANG_WARN_QUOTED_INCLUDE_IN_FRAMEWORK_HEADER = YES;
				CLANG_WARN_RANGE_LOOP_ANALYSIS = YES;
				CLANG_WARN_STRICT_PROTOTYPES = YES;
				CLANG_WARN_SUSPICIOUS_MOVE = YES;
				CLANG_WARN_UNGUARDED_AVAILABILITY = YES_AGGRESSIVE;
				CLANG_WARN_UNREACHABLE_CODE = YES;
				CLANG_WARN__DUPLICATE_METHOD_MATCH = YES;
				COPY_PHASE_STRIP = NO;
				DEBUG_INFORMATION_FORMAT = "dwarf-with-dsym";
				ENABLE_NS_ASSERTIONS = NO;
				ENABLE_STRICT_OBJC_MSGSEND = YES;
				GCC_C_LANGUAGE_STANDARD = gnu11;
				GCC_NO_COMMON_BLOCKS = YES;
				GCC_WARN_64_TO_32_BIT_CONVERSION = YES;
				GCC_WARN_ABOUT_RETURN_TYPE = YES_ERROR;
				GCC_WARN_UNDECLARED_SELECTOR = YES;
				GCC_WARN_UNINITIALIZED_AUTOS = YES_AGGRESSIVE;
				GCC_WARN_UNUSED_FUNCTION = YES;
				GCC_WARN_UNUSED_VARIABLE = YES;
				IPHONEOS_DEPLOYMENT_TARGET = 14.0;
				MTL_ENABLE_DEBUG_INFO = NO;
				MTL_FAST_MATH = YES;
				SDKROOT = iphoneos;
				SWIFT_COMPILATION_MODE = wholemodule;
				SWIFT_OPTIMIZATION_LEVEL = "-O";
				VALIDATE_PRODUCT = YES;
			};
			name = Release;
		};
		3343A53F253ABDF600E96241 /* Debug */ = {
			isa = XCBuildConfiguration;
			buildSettings = {
				ASSETCATALOG_COMPILER_APPICON_NAME = AppIcon;
				ASSETCATALOG_COMPILER_GLOBAL_ACCENT_COLOR_NAME = AccentColor;
				CODE_SIGN_STYLE = Automatic;
				INFOPLIST_FILE = 2nd_Seminar_27th/Info.plist;
				LD_RUNPATH_SEARCH_PATHS = (
					"$(inherited)",
					"@executable_path/Frameworks",
				);
				PRODUCT_BUNDLE_IDENTIFIER = "com.swu.hwangji.-nd-Seminar-27th";
				PRODUCT_NAME = "$(TARGET_NAME)";
				SWIFT_VERSION = 5.0;
				TARGETED_DEVICE_FAMILY = "1,2";
			};
			name = Debug;
		};
		3343A540253ABDF600E96241 /* Release */ = {
			isa = XCBuildConfiguration;
			buildSettings = {
				ASSETCATALOG_COMPILER_APPICON_NAME = AppIcon;
				ASSETCATALOG_COMPILER_GLOBAL_ACCENT_COLOR_NAME = AccentColor;
				CODE_SIGN_STYLE = Automatic;
				INFOPLIST_FILE = 2nd_Seminar_27th/Info.plist;
				LD_RUNPATH_SEARCH_PATHS = (
					"$(inherited)",
					"@executable_path/Frameworks",
				);
				PRODUCT_BUNDLE_IDENTIFIER = "com.swu.hwangji.-nd-Seminar-27th";
				PRODUCT_NAME = "$(TARGET_NAME)";
				SWIFT_VERSION = 5.0;
				TARGETED_DEVICE_FAMILY = "1,2";
			};
			name = Release;
		};
/* End XCBuildConfiguration section */

/* Begin XCConfigurationList section */
		3343A525253ABDF500E96241 /* Build configuration list for PBXProject "2nd_Seminar_27th" */ = {
			isa = XCConfigurationList;
			buildConfigurations = (
				3343A53C253ABDF600E96241 /* Debug */,
				3343A53D253ABDF600E96241 /* Release */,
			);
			defaultConfigurationIsVisible = 0;
			defaultConfigurationName = Release;
		};
		3343A53E253ABDF600E96241 /* Build configuration list for PBXNativeTarget "2nd_Seminar_27th" */ = {
			isa = XCConfigurationList;
			buildConfigurations = (
				3343A53F253ABDF600E96241 /* Debug */,
				3343A540253ABDF600E96241 /* Release */,
			);
			defaultConfigurationIsVisible = 0;
			defaultConfigurationName = Release;
		};
/* End XCConfigurationList section */
	};
	rootObject = 3343A522253ABDF500E96241 /* Project object */;
}
