// !$*UTF8*$!
{
	archiveVersion = 1;
	classes = {
	};
	objectVersion = 50;
	objects = {

/* Begin PBXBuildFile section */
		33DFE504254C306A00C35E2C /* AppDelegate.swift in Sources */ = {isa = PBXBuildFile; fileRef = 33DFE503254C306A00C35E2C /* AppDelegate.swift */; };
		33DFE506254C306A00C35E2C /* SceneDelegate.swift in Sources */ = {isa = PBXBuildFile; fileRef = 33DFE505254C306A00C35E2C /* SceneDelegate.swift */; };
		33DFE508254C306A00C35E2C /* ViewController.swift in Sources */ = {isa = PBXBuildFile; fileRef = 33DFE507254C306A00C35E2C /* ViewController.swift */; };
		33DFE50B254C306A00C35E2C /* Main.storyboard in Resources */ = {isa = PBXBuildFile; fileRef = 33DFE509254C306A00C35E2C /* Main.storyboard */; };
		33DFE50D254C306B00C35E2C /* Assets.xcassets in Resources */ = {isa = PBXBuildFile; fileRef = 33DFE50C254C306B00C35E2C /* Assets.xcassets */; };
		33DFE510254C306B00C35E2C /* LaunchScreen.storyboard in Resources */ = {isa = PBXBuildFile; fileRef = 33DFE50E254C306B00C35E2C /* LaunchScreen.storyboard */; };
/* End PBXBuildFile section */

/* Begin PBXFileReference section */
		33DFE500254C306A00C35E2C /* 2nd_Assignment_27th.app */ = {isa = PBXFileReference; explicitFileType = wrapper.application; includeInIndex = 0; path = 2nd_Assignment_27th.app; sourceTree = BUILT_PRODUCTS_DIR; };
		33DFE503254C306A00C35E2C /* AppDelegate.swift */ = {isa = PBXFileReference; lastKnownFileType = sourcecode.swift; path = AppDelegate.swift; sourceTree = "<group>"; };
		33DFE505254C306A00C35E2C /* SceneDelegate.swift */ = {isa = PBXFileReference; lastKnownFileType = sourcecode.swift; path = SceneDelegate.swift; sourceTree = "<group>"; };
		33DFE507254C306A00C35E2C /* ViewController.swift */ = {isa = PBXFileReference; lastKnownFileType = sourcecode.swift; path = ViewController.swift; sourceTree = "<group>"; };
		33DFE50A254C306A00C35E2C /* Base */ = {isa = PBXFileReference; lastKnownFileType = file.storyboard; name = Base; path = Base.lproj/Main.storyboard; sourceTree = "<group>"; };
		33DFE50C254C306B00C35E2C /* Assets.xcassets */ = {isa = PBXFileReference; lastKnownFileType = folder.assetcatalog; path = Assets.xcassets; sourceTree = "<group>"; };
		33DFE50F254C306B00C35E2C /* Base */ = {isa = PBXFileReference; lastKnownFileType = file.storyboard; name = Base; path = Base.lproj/LaunchScreen.storyboard; sourceTree = "<group>"; };
		33DFE511254C306B00C35E2C /* Info.plist */ = {isa = PBXFileReference; lastKnownFileType = text.plist.xml; path = Info.plist; sourceTree = "<group>"; };
/* End PBXFileReference section */

/* Begin PBXFrameworksBuildPhase section */
		33DFE4FD254C306A00C35E2C /* Frameworks */ = {
			isa = PBXFrameworksBuildPhase;
			buildActionMask = 2147483647;
			files = (
			);
			runOnlyForDeploymentPostprocessing = 0;
		};
/* End PBXFrameworksBuildPhase section */

/* Begin PBXGroup section */
		33DFE4F7254C306A00C35E2C = {
			isa = PBXGroup;
			children = (
				33DFE502254C306A00C35E2C /* 2nd_Assignment_27th */,
				33DFE501254C306A00C35E2C /* Products */,
			);
			sourceTree = "<group>";
		};
		33DFE501254C306A00C35E2C /* Products */ = {
			isa = PBXGroup;
			children = (
				33DFE500254C306A00C35E2C /* 2nd_Assignment_27th.app */,
			);
			name = Products;
			sourceTree = "<group>";
		};
		33DFE502254C306A00C35E2C /* 2nd_Assignment_27th */ = {
			isa = PBXGroup;
			children = (
				33DFE503254C306A00C35E2C /* AppDelegate.swift */,
				33DFE505254C306A00C35E2C /* SceneDelegate.swift */,
				33DFE507254C306A00C35E2C /* ViewController.swift */,
				33DFE509254C306A00C35E2C /* Main.storyboard */,
				33DFE50C254C306B00C35E2C /* Assets.xcassets */,
				33DFE50E254C306B00C35E2C /* LaunchScreen.storyboard */,
				33DFE511254C306B00C35E2C /* Info.plist */,
			);
			path = 2nd_Assignment_27th;
			sourceTree = "<group>";
		};
/* End PBXGroup section */

/* Begin PBXNativeTarget section */
		33DFE4FF254C306A00C35E2C /* 2nd_Assignment_27th */ = {
			isa = PBXNativeTarget;
			buildConfigurationList = 33DFE514254C306B00C35E2C /* Build configuration list for PBXNativeTarget "2nd_Assignment_27th" */;
			buildPhases = (
				33DFE4FC254C306A00C35E2C /* Sources */,
				33DFE4FD254C306A00C35E2C /* Frameworks */,
				33DFE4FE254C306A00C35E2C /* Resources */,
			);
			buildRules = (
			);
			dependencies = (
			);
			name = 2nd_Assignment_27th;
			productName = 2nd_Assignment_27th;
			productReference = 33DFE500254C306A00C35E2C /* 2nd_Assignment_27th.app */;
			productType = "com.apple.product-type.application";
		};
/* End PBXNativeTarget section */

/* Begin PBXProject section */
		33DFE4F8254C306A00C35E2C /* Project object */ = {
			isa = PBXProject;
			attributes = {
				LastSwiftUpdateCheck = 1200;
				LastUpgradeCheck = 1200;
				TargetAttributes = {
					33DFE4FF254C306A00C35E2C = {
						CreatedOnToolsVersion = 12.0.1;
					};
				};
			};
			buildConfigurationList = 33DFE4FB254C306A00C35E2C /* Build configuration list for PBXProject "2nd_Assignment_27th" */;
			compatibilityVersion = "Xcode 9.3";
			developmentRegion = en;
			hasScannedForEncodings = 0;
			knownRegions = (
				en,
				Base,
			);
			mainGroup = 33DFE4F7254C306A00C35E2C;
			productRefGroup = 33DFE501254C306A00C35E2C /* Products */;
			projectDirPath = "";
			projectRoot = "";
			targets = (
				33DFE4FF254C306A00C35E2C /* 2nd_Assignment_27th */,
			);
		};
/* End PBXProject section */

/* Begin PBXResourcesBuildPhase section */
		33DFE4FE254C306A00C35E2C /* Resources */ = {
			isa = PBXResourcesBuildPhase;
			buildActionMask = 2147483647;
			files = (
				33DFE510254C306B00C35E2C /* LaunchScreen.storyboard in Resources */,
				33DFE50D254C306B00C35E2C /* Assets.xcassets in Resources */,
				33DFE50B254C306A00C35E2C /* Main.storyboard in Resources */,
			);
			runOnlyForDeploymentPostprocessing = 0;
		};
/* End PBXResourcesBuildPhase section */

/* Begin PBXSourcesBuildPhase section */
		33DFE4FC254C306A00C35E2C /* Sources */ = {
			isa = PBXSourcesBuildPhase;
			buildActionMask = 2147483647;
			files = (
				33DFE508254C306A00C35E2C /* ViewController.swift in Sources */,
				33DFE504254C306A00C35E2C /* AppDelegate.swift in Sources */,
				33DFE506254C306A00C35E2C /* SceneDelegate.swift in Sources */,
			);
			runOnlyForDeploymentPostprocessing = 0;
		};
/* End PBXSourcesBuildPhase section */

/* Begin PBXVariantGroup section */
		33DFE509254C306A00C35E2C /* Main.storyboard */ = {
			isa = PBXVariantGroup;
			children = (
				33DFE50A254C306A00C35E2C /* Base */,
			);
			name = Main.storyboard;
			sourceTree = "<group>";
		};
		33DFE50E254C306B00C35E2C /* LaunchScreen.storyboard */ = {
			isa = PBXVariantGroup;
			children = (
				33DFE50F254C306B00C35E2C /* Base */,
			);
			name = LaunchScreen.storyboard;
			sourceTree = "<group>";
		};
/* End PBXVariantGroup section */

/* Begin XCBuildConfiguration section */
		33DFE512254C306B00C35E2C /* Debug */ = {
			isa = XCBuildConfiguration;
			buildSettings = {
				ALWAYS_SEARCH_USER_PATHS = NO;
				CLANG_ANALYZER_NONNULL = YES;
				CLANG_ANALYZER_NUMBER_OBJECT_CONVERSION = YES_AGGRESSIVE;
				CLANG_CXX_LANGUAGE_STANDARD = "gnu++14";
				CLANG_CXX_LIBRARY = "libc++";
				CLANG_ENABLE_MODULES = YES;
				CLANG_ENABLE_OBJC_ARC = YES;
				CLANG_ENABLE_OBJC_WEAK = YES;
				CLANG_WARN_BLOCK_CAPTURE_AUTORELEASING = YES;
				CLANG_WARN_BOOL_CONVERSION = YES;
				CLANG_WARN_COMMA = YES;
				CLANG_WARN_CONSTANT_CONVERSION = YES;
				CLANG_WARN_DEPRECATED_OBJC_IMPLEMENTATIONS = YES;
				CLANG_WARN_DIRECT_OBJC_ISA_USAGE = YES_ERROR;
				CLANG_WARN_DOCUMENTATION_COMMENTS = YES;
				CLANG_WARN_EMPTY_BODY = YES;
				CLANG_WARN_ENUM_CONVERSION = YES;
				CLANG_WARN_INFINITE_RECURSION = YES;
				CLANG_WARN_INT_CONVERSION = YES;
				CLANG_WARN_NON_LITERAL_NULL_CONVERSION = YES;
				CLANG_WARN_OBJC_IMPLICIT_RETAIN_SELF = YES;
				CLANG_WARN_OBJC_LITERAL_CONVERSION = YES;
				CLANG_WARN_OBJC_ROOT_CLASS = YES_ERROR;
				CLANG_WARN_QUOTED_INCLUDE_IN_FRAMEWORK_HEADER = YES;
				CLANG_WARN_RANGE_LOOP_ANALYSIS = YES;
				CLANG_WARN_STRICT_PROTOTYPES = YES;
				CLANG_WARN_SUSPICIOUS_MOVE = YES;
				CLANG_WARN_UNGUARDED_AVAILABILITY = YES_AGGRESSIVE;
				CLANG_WARN_UNREACHABLE_CODE = YES;
				CLANG_WARN__DUPLICATE_METHOD_MATCH = YES;
				COPY_PHASE_STRIP = NO;
				DEBUG_INFORMATION_FORMAT = dwarf;
				ENABLE_STRICT_OBJC_MSGSEND = YES;
				ENABLE_TESTABILITY = YES;
				GCC_C_LANGUAGE_STANDARD = gnu11;
				GCC_DYNAMIC_NO_PIC = NO;
				GCC_NO_COMMON_BLOCKS = YES;
				GCC_OPTIMIZATION_LEVEL = 0;
				GCC_PREPROCESSOR_DEFINITIONS = (
					"DEBUG=1",
					"$(inherited)",
				);
				GCC_WARN_64_TO_32_BIT_CONVERSION = YES;
				GCC_WARN_ABOUT_RETURN_TYPE = YES_ERROR;
				GCC_WARN_UNDECLARED_SELECTOR = YES;
				GCC_WARN_UNINITIALIZED_AUTOS = YES_AGGRESSIVE;
				GCC_WARN_UNUSED_FUNCTION = YES;
				GCC_WARN_UNUSED_VARIABLE = YES;
				IPHONEOS_DEPLOYMENT_TARGET = 14.0;
				MTL_ENABLE_DEBUG_INFO = INCLUDE_SOURCE;
				MTL_FAST_MATH = YES;
				ONLY_ACTIVE_ARCH = YES;
				SDKROOT = iphoneos;
				SWIFT_ACTIVE_COMPILATION_CONDITIONS = DEBUG;
				SWIFT_OPTIMIZATION_LEVEL = "-Onone";
			};
			name = Debug;
		};
		33DFE513254C306B00C35E2C /* Release */ = {
			isa = XCBuildConfiguration;
			buildSettings = {
				ALWAYS_SEARCH_USER_PATHS = NO;
				CLANG_ANALYZER_NONNULL = YES;
				CLANG_ANALYZER_NUMBER_OBJECT_CONVERSION = YES_AGGRESSIVE;
				CLANG_CXX_LANGUAGE_STANDARD = "gnu++14";
				CLANG_CXX_LIBRARY = "libc++";
				CLANG_ENABLE_MODULES = YES;
				CLANG_ENABLE_OBJC_ARC = YES;
				CLANG_ENABLE_OBJC_WEAK = YES;
				CLANG_WARN_BLOCK_CAPTURE_AUTORELEASING = YES;
				CLANG_WARN_BOOL_CONVERSION = YES;
				CLANG_WARN_COMMA = YES;
				CLANG_WARN_CONSTANT_CONVERSION = YES;
				CLANG_WARN_DEPRECATED_OBJC_IMPLEMENTATIONS = YES;
				CLANG_WARN_DIRECT_OBJC_ISA_USAGE = YES_ERROR;
				CLANG_WARN_DOCUMENTATION_COMMENTS = YES;
				CLANG_WARN_EMPTY_BODY = YES;
				CLANG_WARN_ENUM_CONVERSION = YES;
				CLANG_WARN_INFINITE_RECURSION = YES;
				CLANG_WARN_INT_CONVERSION = YES;
				CLANG_WARN_NON_LITERAL_NULL_CONVERSION = YES;
				CLANG_WARN_OBJC_IMPLICIT_RETAIN_SELF = YES;
				CLANG_WARN_OBJC_LITERAL_CONVERSION = YES;
				CLANG_WARN_OBJC_ROOT_CLASS = YES_ERROR;
				CLANG_WARN_QUOTED_INCLUDE_IN_FRAMEWORK_HEADER = YES;
				CLANG_WARN_RANGE_LOOP_ANALYSIS = YES;
				CLANG_WARN_STRICT_PROTOTYPES = YES;
				CLANG_WARN_SUSPICIOUS_MOVE = YES;
				CLANG_WARN_UNGUARDED_AVAILABILITY = YES_AGGRESSIVE;
				CLANG_WARN_UNREACHABLE_CODE = YES;
				CLANG_WARN__DUPLICATE_METHOD_MATCH = YES;
				COPY_PHASE_STRIP = NO;
				DEBUG_INFORMATION_FORMAT = "dwarf-with-dsym";
				ENABLE_NS_ASSERTIONS = NO;
				ENABLE_STRICT_OBJC_MSGSEND = YES;
				GCC_C_LANGUAGE_STANDARD = gnu11;
				GCC_NO_COMMON_BLOCKS = YES;
				GCC_WARN_64_TO_32_BIT_CONVERSION = YES;
				GCC_WARN_ABOUT_RETURN_TYPE = YES_ERROR;
				GCC_WARN_UNDECLARED_SELECTOR = YES;
				GCC_WARN_UNINITIALIZED_AUTOS = YES_AGGRESSIVE;
				GCC_WARN_UNUSED_FUNCTION = YES;
				GCC_WARN_UNUSED_VARIABLE = YES;
				IPHONEOS_DEPLOYMENT_TARGET = 14.0;
				MTL_ENABLE_DEBUG_INFO = NO;
				MTL_FAST_MATH = YES;
				SDKROOT = iphoneos;
				SWIFT_COMPILATION_MODE = wholemodule;
				SWIFT_OPTIMIZATION_LEVEL = "-O";
				VALIDATE_PRODUCT = YES;
			};
			name = Release;
		};
		33DFE515254C306B00C35E2C /* Debug */ = {
			isa = XCBuildConfiguration;
			buildSettings = {
				ASSETCATALOG_COMPILER_APPICON_NAME = AppIcon;
				ASSETCATALOG_COMPILER_GLOBAL_ACCENT_COLOR_NAME = AccentColor;
				CODE_SIGN_STYLE = Automatic;
				INFOPLIST_FILE = 2nd_Assignment_27th/Info.plist;
				LD_RUNPATH_SEARCH_PATHS = (
					"$(inherited)",
					"@executable_path/Frameworks",
				);
				PRODUCT_BUNDLE_IDENTIFIER = "com.swu.hwangji.-nd-Assignment-27th";
				PRODUCT_NAME = "$(TARGET_NAME)";
				SWIFT_VERSION = 5.0;
				TARGETED_DEVICE_FAMILY = "1,2";
			};
			name = Debug;
		};
		33DFE516254C306B00C35E2C /* Release */ = {
			isa = XCBuildConfiguration;
			buildSettings = {
				ASSETCATALOG_COMPILER_APPICON_NAME = AppIcon;
				ASSETCATALOG_COMPILER_GLOBAL_ACCENT_COLOR_NAME = AccentColor;
				CODE_SIGN_STYLE = Automatic;
				INFOPLIST_FILE = 2nd_Assignment_27th/Info.plist;
				LD_RUNPATH_SEARCH_PATHS = (
					"$(inherited)",
					"@executable_path/Frameworks",
				);
				PRODUCT_BUNDLE_IDENTIFIER = "com.swu.hwangji.-nd-Assignment-27th";
				PRODUCT_NAME = "$(TARGET_NAME)";
				SWIFT_VERSION = 5.0;
				TARGETED_DEVICE_FAMILY = "1,2";
			};
			name = Release;
		};
/* End XCBuildConfiguration section */

/* Begin XCConfigurationList section */
		33DFE4FB254C306A00C35E2C /* Build configuration list for PBXProject "2nd_Assignment_27th" */ = {
			isa = XCConfigurationList;
			buildConfigurations = (
				33DFE512254C306B00C35E2C /* Debug */,
				33DFE513254C306B00C35E2C /* Release */,
			);
			defaultConfigurationIsVisible = 0;
			defaultConfigurationName = Release;
		};
		33DFE514254C306B00C35E2C /* Build configuration list for PBXNativeTarget "2nd_Assignment_27th" */ = {
			isa = XCConfigurationList;
			buildConfigurations = (
				33DFE515254C306B00C35E2C /* Debug */,
				33DFE516254C306B00C35E2C /* Release */,
			);
			defaultConfigurationIsVisible = 0;
			defaultConfigurationName = Release;
		};
/* End XCConfigurationList section */
	};
	rootObject = 33DFE4F8254C306A00C35E2C /* Project object */;
}
